dependencies:
- name: alertmanager
  repository: https://prometheus-community.github.io/helm-charts
  version: 1.43.1
- name: kube-state-metrics
  repository: https://prometheus-community.github.io/helm-charts
  version: 6.3.0
- name: prometheus-node-exporter
  repository: https://prometheus-community.github.io/helm-charts
  version: 4.48.0
- name: prometheus-pushgateway
  repository: https://prometheus-community.github.io/helm-charts
  version: 3.4.2
digest: sha256:4923eae2eaef7183dc12a00037480427b6e50e74b90d01ba160941025e265268
generated: "2026-09-11T19:05:45.978911082Z"
