dependencies:
- name: alertmanager
  repository: https://prometheus-community.github.io/helm-charts
  version: 1.26.0
- name: kube-state-metrics
  repository: https://prometheus-community.github.io/helm-charts
  version: 6.3.0
- name: prometheus-node-exporter
  repository: https://prometheus-community.github.io/helm-charts
  version: 4.48.0
- name: prometheus-pushgateway
  repository: https://prometheus-community.github.io/helm-charts
  version: 3.8.0
digest: sha256:45fb868d0ecdd87980b47d048bd87acec8eadb35be203858ec89027c8ce89a52
generated: "2026-08-26T10:08:29.894147811Z"
